
Microsoft Visual Studio Solution File, Format Version 12.00
# Visual Studio 15
Project("{FAE04EC0-301F-11D3-BF4B-00C04F79EFBC}") = "Assembly-CSharp-firstpass", "Assembly-CSharp-firstpass.csproj", "{93C20958-AF47-BDD4-38C0-2031F2949B1E}"
EndProject
Project("{FAE04EC0-301F-11D3-BF4B-00C04F79EFBC}") = "Assembly-CSharp", "Assembly-CSharp.csproj", "{D701D714-E7D4-F5BC-2A48-552CD63A7CC9}"
EndProject
Project("{FAE04EC0-301F-11D3-BF4B-00C04F79EFBC}") = "Assembly-CSharp-Editor-firstpass", "Assembly-CSharp-Editor-firstpass.csproj", "{0E6F6283-C5AA-6460-5248-DD89A3C99878}"
EndProject
Global
	GlobalSection(SolutionConfigurationPlatforms) = preSolution
		Debug|Any CPU = Debug|Any CPU
		Release|Any CPU = Release|Any CPU
	EndGlobalSection
	GlobalSection(ProjectConfigurationPlatforms) = postSolution
		{93C20958-AF47-BDD4-38C0-2031F2949B1E}.Debug|Any CPU.ActiveCfg = Debug|Any CPU
		{93C20958-AF47-BDD4-38C0-2031F2949B1E}.Debug|Any CPU.Build.0 = Debug|Any CPU
		{93C20958-AF47-BDD4-38C0-2031F2949B1E}.Release|Any CPU.ActiveCfg = Release|Any CPU
		{93C20958-AF47-BDD4-38C0-2031F2949B1E}.Release|Any CPU.Build.0 = Release|Any CPU
		{D701D714-E7D4-F5BC-2A48-552CD63A7CC9}.Debug|Any CPU.ActiveCfg = Debug|Any CPU
		{D701D714-E7D4-F5BC-2A48-552CD63A7CC9}.Debug|Any CPU.Build.0 = Debug|Any CPU
		{D701D714-E7D4-F5BC-2A48-552CD63A7CC9}.Release|Any CPU.ActiveCfg = Release|Any CPU
		{D701D714-E7D4-F5BC-2A48-552CD63A7CC9}.Release|Any CPU.Build.0 = Release|Any CPU
		{0E6F6283-C5AA-6460-5248-DD89A3C99878}.Debug|Any CPU.ActiveCfg = Debug|Any CPU
		{0E6F6283-C5AA-6460-5248-DD89A3C99878}.Debug|Any CPU.Build.0 = Debug|Any CPU
		{0E6F6283-C5AA-6460-5248-DD89A3C99878}.Release|Any CPU.ActiveCfg = Release|Any CPU
		{0E6F6283-C5AA-6460-5248-DD89A3C99878}.Release|Any CPU.Build.0 = Release|Any CPU
	EndGlobalSection
	GlobalSection(SolutionProperties) = preSolution
		HideSolutionNode = FALSE
	EndGlobalSection
EndGlobal
