Microsoft Visual Studio Solution File, Format Version 11.00
# Visual Studio 2008

Project("{97269055-FB8E-6CA7-6D84-6ABFF09C48AA}") = "Unity Project 4", "Assembly-CSharp-firstpass-vs.csproj", "{93C20958-AF47-BDD4-38C0-2031F2949B1E}"
EndProject
Project("{97269055-FB8E-6CA7-6D84-6ABFF09C48AA}") = "Unity Project 4", "Assembly-CSharp-vs.csproj", "{D701D714-E7D4-F5BC-2A48-552CD63A7CC9}"
EndProject
Project("{97269055-FB8E-6CA7-6D84-6ABFF09C48AA}") = "Unity Project 4", "Assembly-CSharp-Editor-firstpass-vs.csproj", "{0E6F6283-C5AA-6460-5248-DD89A3C99878}"
EndProject
Global
	GlobalSection(SolutionConfigurationPlatforms) = preSolution
		Debug|Any CPU = Debug|Any CPU
		Release|Any CPU = Release|Any CPU
	EndGlobalSection
	GlobalSection(ProjectConfigurationPlatforms) = postSolution
		{93C20958-AF47-BDD4-38C0-2031F2949B1E}.Debug|Any CPU.ActiveCfg = Debug|Any CPU
		{93C20958-AF47-BDD4-38C0-2031F2949B1E}.Debug|Any CPU.Build.0 = Debug|Any CPU
		{93C20958-AF47-BDD4-38C0-2031F2949B1E}.Release|Any CPU.ActiveCfg = Release|Any CPU
		{93C20958-AF47-BDD4-38C0-2031F2949B1E}.Release|Any CPU.Build.0 = Release|Any CPU
		{D701D714-E7D4-F5BC-2A48-552CD63A7CC9}.Debug|Any CPU.ActiveCfg = Debug|Any CPU
		{D701D714-E7D4-F5BC-2A48-552CD63A7CC9}.Debug|Any CPU.Build.0 = Debug|Any CPU
		{D701D714-E7D4-F5BC-2A48-552CD63A7CC9}.Release|Any CPU.ActiveCfg = Release|Any CPU
		{D701D714-E7D4-F5BC-2A48-552CD63A7CC9}.Release|Any CPU.Build.0 = Release|Any CPU
		{0E6F6283-C5AA-6460-5248-DD89A3C99878}.Debug|Any CPU.ActiveCfg = Debug|Any CPU
		{0E6F6283-C5AA-6460-5248-DD89A3C99878}.Debug|Any CPU.Build.0 = Debug|Any CPU
		{0E6F6283-C5AA-6460-5248-DD89A3C99878}.Release|Any CPU.ActiveCfg = Release|Any CPU
		{0E6F6283-C5AA-6460-5248-DD89A3C99878}.Release|Any CPU.Build.0 = Release|Any CPU
	EndGlobalSection
	GlobalSection(SolutionProperties) = preSolution
		HideSolutionNode = FALSE
	EndGlobalSection
																																																																																																																																																																																																																																																																																																																																																							GlobalSection(MonoDevelopProperties) = preSolution
		StartupItem = Assembly-CSharp.csproj
		Policies = $0
		$0.TextStylePolicy = $1
		$1.inheritsSet = null
		$1.scope = text/x-csharp
		$0.CSharpFormattingPolicy = $2
		$2.inheritsSet = Mono
		$2.inheritsScope = text/x-csharp
		$2.scope = text/x-csharp
		$0.TextStylePolicy = $3
		$3.FileWidth = 120
		$3.TabWidth = 4
		$3.IndentWidth = 4
		$3.EolMarker = Unix
		$3.inheritsSet = Mono
		$3.inheritsScope = text/plain
		$3.scope = text/plain
	EndGlobalSection

EndGlobal
